
Microsoft Visual Studio Solution File, Format Version 11.00
# Visual Studio 2010
Project("{2150E333-8FDC-42A3-9474-1A3956D46DE8}") = "A、演示", "A、演示", "{808E3669-EA1E-41FD-8ED5-02218874BE95}"
EndProject
Project("{FAE04EC0-301F-11D3-BF4B-00C04F79EFBC}") = "01_生成工资表-工资条报表", "01_生成工资表-工资条报表\01_生成工资表-工资条报表.csproj", "{4FD9DA8F-3E10-4F92-8040-5398A5C2A95A}"
EndProject
Project("{2150E333-8FDC-42A3-9474-1A3956D46DE8}") = "B、格式化器示例", "B、格式化器示例", "{64160D31-59E7-4CA0-B051-24AA63FE6A76}"
EndProject
Project("{2150E333-8FDC-42A3-9474-1A3956D46DE8}") = "C、多Sheet报表生成", "C、多Sheet报表生成", "{43E2D05E-D42F-4DE1-8B9B-F836464601C2}"
EndProject
Project("{FAE04EC0-301F-11D3-BF4B-00C04F79EFBC}") = "01_局部格式化器", "01_局部格式化器\01_局部格式化器.csproj", "{9B3110EC-B88A-4B48-8611-CFFBECBF28AD}"
EndProject
Project("{FAE04EC0-301F-11D3-BF4B-00C04F79EFBC}") = "02_单元格格式化器", "02_单元格格式化器\02_单元格格式化器.csproj", "{BDBF96CE-7180-44AA-AF09-7298B5217FCE}"
EndProject
Project("{FAE04EC0-301F-11D3-BF4B-00C04F79EFBC}") = "03_表格格式化器", "03_表格格式化器\03_表格格式化器.csproj", "{31E78C81-17E4-48D6-B794-2D4220F1469C}"
EndProject
Project("{FAE04EC0-301F-11D3-BF4B-00C04F79EFBC}") = "04_重复单元格式化器", "04_重复单元格式化器\04_重复单元格式化器.csproj", "{3C6697C8-E6C0-4732-BCC0-C4E6D9F63C7C}"
EndProject
Project("{FAE04EC0-301F-11D3-BF4B-00C04F79EFBC}") = "01_多Sheet报表生成", "01_多Sheet报表生成\01_多Sheet报表生成.csproj", "{DDD5BD0D-6343-4F55-AFF8-90DB06EA544B}"
EndProject
Project("{2150E333-8FDC-42A3-9474-1A3956D46DE8}") = "D、问答演示", "D、问答演示", "{ED91D49B-8C6C-4D78-B089-B0826FB3130D}"
EndProject
Project("{FAE04EC0-301F-11D3-BF4B-00C04F79EFBC}") = "01_条件格式", "01_条件格式\01_条件格式.csproj", "{C6D8AB56-3240-4224-B087-10B2E279BB1C}"
EndProject
Global
	GlobalSection(SolutionConfigurationPlatforms) = preSolution
		Debug|x86 = Debug|x86
		Release|x86 = Release|x86
	EndGlobalSection
	GlobalSection(ProjectConfigurationPlatforms) = postSolution
		{4FD9DA8F-3E10-4F92-8040-5398A5C2A95A}.Debug|x86.ActiveCfg = Debug|x86
		{4FD9DA8F-3E10-4F92-8040-5398A5C2A95A}.Debug|x86.Build.0 = Debug|x86
		{4FD9DA8F-3E10-4F92-8040-5398A5C2A95A}.Release|x86.ActiveCfg = Release|x86
		{4FD9DA8F-3E10-4F92-8040-5398A5C2A95A}.Release|x86.Build.0 = Release|x86
		{9B3110EC-B88A-4B48-8611-CFFBECBF28AD}.Debug|x86.ActiveCfg = Debug|x86
		{9B3110EC-B88A-4B48-8611-CFFBECBF28AD}.Debug|x86.Build.0 = Debug|x86
		{9B3110EC-B88A-4B48-8611-CFFBECBF28AD}.Release|x86.ActiveCfg = Release|x86
		{9B3110EC-B88A-4B48-8611-CFFBECBF28AD}.Release|x86.Build.0 = Release|x86
		{BDBF96CE-7180-44AA-AF09-7298B5217FCE}.Debug|x86.ActiveCfg = Debug|x86
		{BDBF96CE-7180-44AA-AF09-7298B5217FCE}.Debug|x86.Build.0 = Debug|x86
		{BDBF96CE-7180-44AA-AF09-7298B5217FCE}.Release|x86.ActiveCfg = Release|x86
		{BDBF96CE-7180-44AA-AF09-7298B5217FCE}.Release|x86.Build.0 = Release|x86
		{31E78C81-17E4-48D6-B794-2D4220F1469C}.Debug|x86.ActiveCfg = Debug|x86
		{31E78C81-17E4-48D6-B794-2D4220F1469C}.Debug|x86.Build.0 = Debug|x86
		{31E78C81-17E4-48D6-B794-2D4220F1469C}.Release|x86.ActiveCfg = Release|x86
		{31E78C81-17E4-48D6-B794-2D4220F1469C}.Release|x86.Build.0 = Release|x86
		{3C6697C8-E6C0-4732-BCC0-C4E6D9F63C7C}.Debug|x86.ActiveCfg = Debug|x86
		{3C6697C8-E6C0-4732-BCC0-C4E6D9F63C7C}.Debug|x86.Build.0 = Debug|x86
		{3C6697C8-E6C0-4732-BCC0-C4E6D9F63C7C}.Release|x86.ActiveCfg = Release|x86
		{3C6697C8-E6C0-4732-BCC0-C4E6D9F63C7C}.Release|x86.Build.0 = Release|x86
		{DDD5BD0D-6343-4F55-AFF8-90DB06EA544B}.Debug|x86.ActiveCfg = Debug|x86
		{DDD5BD0D-6343-4F55-AFF8-90DB06EA544B}.Debug|x86.Build.0 = Debug|x86
		{DDD5BD0D-6343-4F55-AFF8-90DB06EA544B}.Release|x86.ActiveCfg = Release|x86
		{DDD5BD0D-6343-4F55-AFF8-90DB06EA544B}.Release|x86.Build.0 = Release|x86
		{C6D8AB56-3240-4224-B087-10B2E279BB1C}.Debug|x86.ActiveCfg = Debug|x86
		{C6D8AB56-3240-4224-B087-10B2E279BB1C}.Debug|x86.Build.0 = Debug|x86
		{C6D8AB56-3240-4224-B087-10B2E279BB1C}.Release|x86.ActiveCfg = Release|x86
		{C6D8AB56-3240-4224-B087-10B2E279BB1C}.Release|x86.Build.0 = Release|x86
	EndGlobalSection
	GlobalSection(SolutionProperties) = preSolution
		HideSolutionNode = FALSE
	EndGlobalSection
	GlobalSection(NestedProjects) = preSolution
		{4FD9DA8F-3E10-4F92-8040-5398A5C2A95A} = {808E3669-EA1E-41FD-8ED5-02218874BE95}
		{9B3110EC-B88A-4B48-8611-CFFBECBF28AD} = {64160D31-59E7-4CA0-B051-24AA63FE6A76}
		{BDBF96CE-7180-44AA-AF09-7298B5217FCE} = {64160D31-59E7-4CA0-B051-24AA63FE6A76}
		{31E78C81-17E4-48D6-B794-2D4220F1469C} = {64160D31-59E7-4CA0-B051-24AA63FE6A76}
		{3C6697C8-E6C0-4732-BCC0-C4E6D9F63C7C} = {64160D31-59E7-4CA0-B051-24AA63FE6A76}
		{DDD5BD0D-6343-4F55-AFF8-90DB06EA544B} = {43E2D05E-D42F-4DE1-8B9B-F836464601C2}
		{C6D8AB56-3240-4224-B087-10B2E279BB1C} = {ED91D49B-8C6C-4D78-B089-B0826FB3130D}
	EndGlobalSection
EndGlobal
