
Microsoft Visual Studio Solution File, Format Version 12.00
# Visual Studio 15
VisualStudioVersion = 15.0.28307.329
MinimumVisualStudioVersion = 10.0.40219.1
Project("{2150E333-8FDC-42A3-9474-1A3956D46DE8}") = "examples", "examples", "{319FF12B-5B28-42B6-87A6-4A31B8049281}"
EndProject
Project("{2150E333-8FDC-42A3-9474-1A3956D46DE8}") = "src", "src", "{D482BFE0-F981-4F4B-9F0E-0C586FA804FA}"
EndProject
Project("{9A19103F-16F7-4668-BE54-9A1E7A4F7556}") = "ExcelReport", "src\ExcelReport\ExcelReport.csproj", "{D4193C47-DDCA-432B-A517-378AF7783908}"
EndProject
Project("{9A19103F-16F7-4668-BE54-9A1E7A4F7556}") = "1.参数渲染器示例", "examples\1.参数渲染器示例\1.参数渲染器示例.csproj", "{3016476A-8D2B-4C59-B508-870A0DCEB8E1}"
EndProject
Project("{9A19103F-16F7-4668-BE54-9A1E7A4F7556}") = "2.单行重复渲染示例", "examples\2.单行重复渲染示例\2.单行重复渲染示例.csproj", "{7B27958D-9D77-4FDA-B525-39E1149E27F0}"
EndProject
Project("{9A19103F-16F7-4668-BE54-9A1E7A4F7556}") = "3.多行重复渲染示例", "examples\3.多行重复渲染示例\3.多行重复渲染示例.csproj", "{85EC2205-CB4E-41DA-A2CB-BE6E93787C64}"
EndProject
Project("{9A19103F-16F7-4668-BE54-9A1E7A4F7556}") = "ExcelReport.Driver", "src\ExcelReport.Driver\ExcelReport.Driver.csproj", "{1DE2162D-5986-4926-B0F2-75BFCAE2617F}"
EndProject
Project("{9A19103F-16F7-4668-BE54-9A1E7A4F7556}") = "ExcelReport.Driver.NPOI", "src\ExcelReport.Driver.NPOI\ExcelReport.Driver.NPOI.csproj", "{1D4DF3D2-F983-4C16-9DE9-67B4DA5ED73E}"
EndProject
Project("{9A19103F-16F7-4668-BE54-9A1E7A4F7556}") = "ExcelReport.Driver.CSV", "src\ExcelReport.Driver.CSV\ExcelReport.Driver.CSV.csproj", "{E1716F47-8A2D-48FB-892F-D2C628A0ACE2}"
EndProject
Project("{9A19103F-16F7-4668-BE54-9A1E7A4F7556}") = "4.CSV示例", "examples\4.CSV示例\4.CSV示例.csproj", "{95CA5870-B791-4086-BB5A-6750F81B0737}"
EndProject
Global
	GlobalSection(SolutionConfigurationPlatforms) = preSolution
		Debug|Any CPU = Debug|Any CPU
		Release|Any CPU = Release|Any CPU
	EndGlobalSection
	GlobalSection(ProjectConfigurationPlatforms) = postSolution
		{D4193C47-DDCA-432B-A517-378AF7783908}.Debug|Any CPU.ActiveCfg = Debug|Any CPU
		{D4193C47-DDCA-432B-A517-378AF7783908}.Debug|Any CPU.Build.0 = Debug|Any CPU
		{D4193C47-DDCA-432B-A517-378AF7783908}.Release|Any CPU.ActiveCfg = Release|Any CPU
		{D4193C47-DDCA-432B-A517-378AF7783908}.Release|Any CPU.Build.0 = Release|Any CPU
		{3016476A-8D2B-4C59-B508-870A0DCEB8E1}.Debug|Any CPU.ActiveCfg = Debug|Any CPU
		{3016476A-8D2B-4C59-B508-870A0DCEB8E1}.Debug|Any CPU.Build.0 = Debug|Any CPU
		{3016476A-8D2B-4C59-B508-870A0DCEB8E1}.Release|Any CPU.ActiveCfg = Release|Any CPU
		{3016476A-8D2B-4C59-B508-870A0DCEB8E1}.Release|Any CPU.Build.0 = Release|Any CPU
		{7B27958D-9D77-4FDA-B525-39E1149E27F0}.Debug|Any CPU.ActiveCfg = Debug|Any CPU
		{7B27958D-9D77-4FDA-B525-39E1149E27F0}.Debug|Any CPU.Build.0 = Debug|Any CPU
		{7B27958D-9D77-4FDA-B525-39E1149E27F0}.Release|Any CPU.ActiveCfg = Release|Any CPU
		{7B27958D-9D77-4FDA-B525-39E1149E27F0}.Release|Any CPU.Build.0 = Release|Any CPU
		{85EC2205-CB4E-41DA-A2CB-BE6E93787C64}.Debug|Any CPU.ActiveCfg = Debug|Any CPU
		{85EC2205-CB4E-41DA-A2CB-BE6E93787C64}.Debug|Any CPU.Build.0 = Debug|Any CPU
		{85EC2205-CB4E-41DA-A2CB-BE6E93787C64}.Release|Any CPU.ActiveCfg = Release|Any CPU
		{85EC2205-CB4E-41DA-A2CB-BE6E93787C64}.Release|Any CPU.Build.0 = Release|Any CPU
		{1DE2162D-5986-4926-B0F2-75BFCAE2617F}.Debug|Any CPU.ActiveCfg = Debug|Any CPU
		{1DE2162D-5986-4926-B0F2-75BFCAE2617F}.Debug|Any CPU.Build.0 = Debug|Any CPU
		{1DE2162D-5986-4926-B0F2-75BFCAE2617F}.Release|Any CPU.ActiveCfg = Release|Any CPU
		{1DE2162D-5986-4926-B0F2-75BFCAE2617F}.Release|Any CPU.Build.0 = Release|Any CPU
		{1D4DF3D2-F983-4C16-9DE9-67B4DA5ED73E}.Debug|Any CPU.ActiveCfg = Debug|Any CPU
		{1D4DF3D2-F983-4C16-9DE9-67B4DA5ED73E}.Debug|Any CPU.Build.0 = Debug|Any CPU
		{1D4DF3D2-F983-4C16-9DE9-67B4DA5ED73E}.Release|Any CPU.ActiveCfg = Release|Any CPU
		{1D4DF3D2-F983-4C16-9DE9-67B4DA5ED73E}.Release|Any CPU.Build.0 = Release|Any CPU
		{E1716F47-8A2D-48FB-892F-D2C628A0ACE2}.Debug|Any CPU.ActiveCfg = Debug|Any CPU
		{E1716F47-8A2D-48FB-892F-D2C628A0ACE2}.Debug|Any CPU.Build.0 = Debug|Any CPU
		{E1716F47-8A2D-48FB-892F-D2C628A0ACE2}.Release|Any CPU.ActiveCfg = Release|Any CPU
		{E1716F47-8A2D-48FB-892F-D2C628A0ACE2}.Release|Any CPU.Build.0 = Release|Any CPU
		{95CA5870-B791-4086-BB5A-6750F81B0737}.Debug|Any CPU.ActiveCfg = Debug|Any CPU
		{95CA5870-B791-4086-BB5A-6750F81B0737}.Debug|Any CPU.Build.0 = Debug|Any CPU
		{95CA5870-B791-4086-BB5A-6750F81B0737}.Release|Any CPU.ActiveCfg = Release|Any CPU
		{95CA5870-B791-4086-BB5A-6750F81B0737}.Release|Any CPU.Build.0 = Release|Any CPU
	EndGlobalSection
	GlobalSection(SolutionProperties) = preSolution
		HideSolutionNode = FALSE
	EndGlobalSection
	GlobalSection(NestedProjects) = preSolution
		{D4193C47-DDCA-432B-A517-378AF7783908} = {D482BFE0-F981-4F4B-9F0E-0C586FA804FA}
		{3016476A-8D2B-4C59-B508-870A0DCEB8E1} = {319FF12B-5B28-42B6-87A6-4A31B8049281}
		{7B27958D-9D77-4FDA-B525-39E1149E27F0} = {319FF12B-5B28-42B6-87A6-4A31B8049281}
		{85EC2205-CB4E-41DA-A2CB-BE6E93787C64} = {319FF12B-5B28-42B6-87A6-4A31B8049281}
		{1DE2162D-5986-4926-B0F2-75BFCAE2617F} = {D482BFE0-F981-4F4B-9F0E-0C586FA804FA}
		{1D4DF3D2-F983-4C16-9DE9-67B4DA5ED73E} = {D482BFE0-F981-4F4B-9F0E-0C586FA804FA}
		{E1716F47-8A2D-48FB-892F-D2C628A0ACE2} = {D482BFE0-F981-4F4B-9F0E-0C586FA804FA}
		{95CA5870-B791-4086-BB5A-6750F81B0737} = {319FF12B-5B28-42B6-87A6-4A31B8049281}
	EndGlobalSection
	GlobalSection(ExtensibilityGlobals) = postSolution
		SolutionGuid = {4279AAA3-619A-4506-A58D-AAC9574061E9}
	EndGlobalSection
EndGlobal
