
Microsoft Visual Studio Solution File, Format Version 11.00
# Visual Studio 2010
Project("{FAE04EC0-301F-11D3-BF4B-00C04F79EFBC}") = "ExcelReport", "ExcelReport\ExcelReport.csproj", "{617FC8EA-EFC0-4B19-895F-D975BF1B2547}"
EndProject
Project("{2150E333-8FDC-42A3-9474-1A3956D46DE8}") = "Tools", "Tools", "{1953EFAE-93C4-4B0D-86FB-A163C203B73E}"
EndProject
Project("{FAE04EC0-301F-11D3-BF4B-00C04F79EFBC}") = "ERTool", "ERTool\ERTool.csproj", "{E0C0B191-51CA-417D-82B5-E82A5FF15BB0}"
EndProject
Project("{2150E333-8FDC-42A3-9474-1A3956D46DE8}") = "Example", "Example", "{78A1B2DD-FD19-4AB9-908E-267D418B6E1F}"
EndProject
Project("{FAE04EC0-301F-11D3-BF4B-00C04F79EFBC}") = "WinExample", "WinExample\WinExample.csproj", "{E62EE638-59F2-4909-9505-0511C7062727}"
EndProject
Project("{FAE04EC0-301F-11D3-BF4B-00C04F79EFBC}") = "WebExample", "WebExample\WebExample.csproj", "{93341C9C-44C9-47F3-839F-7AE043A5AC99}"
EndProject
Project("{FAE04EC0-301F-11D3-BF4B-00C04F79EFBC}") = "ImageExample", "ImageExample\ImageExample.csproj", "{94B7D547-92A1-41A7-B90F-D681A0103A36}"
EndProject
Global
	GlobalSection(SolutionConfigurationPlatforms) = preSolution
		Debug|Any CPU = Debug|Any CPU
		Debug|Mixed Platforms = Debug|Mixed Platforms
		Debug|x86 = Debug|x86
		Release|Any CPU = Release|Any CPU
		Release|Mixed Platforms = Release|Mixed Platforms
		Release|x86 = Release|x86
	EndGlobalSection
	GlobalSection(ProjectConfigurationPlatforms) = postSolution
		{617FC8EA-EFC0-4B19-895F-D975BF1B2547}.Debug|Any CPU.ActiveCfg = Debug|Any CPU
		{617FC8EA-EFC0-4B19-895F-D975BF1B2547}.Debug|Any CPU.Build.0 = Debug|Any CPU
		{617FC8EA-EFC0-4B19-895F-D975BF1B2547}.Debug|Mixed Platforms.ActiveCfg = Debug|Any CPU
		{617FC8EA-EFC0-4B19-895F-D975BF1B2547}.Debug|Mixed Platforms.Build.0 = Debug|Any CPU
		{617FC8EA-EFC0-4B19-895F-D975BF1B2547}.Debug|x86.ActiveCfg = Debug|Any CPU
		{617FC8EA-EFC0-4B19-895F-D975BF1B2547}.Release|Any CPU.ActiveCfg = Release|Any CPU
		{617FC8EA-EFC0-4B19-895F-D975BF1B2547}.Release|Any CPU.Build.0 = Release|Any CPU
		{617FC8EA-EFC0-4B19-895F-D975BF1B2547}.Release|Mixed Platforms.ActiveCfg = Release|Any CPU
		{617FC8EA-EFC0-4B19-895F-D975BF1B2547}.Release|Mixed Platforms.Build.0 = Release|Any CPU
		{617FC8EA-EFC0-4B19-895F-D975BF1B2547}.Release|x86.ActiveCfg = Release|Any CPU
		{E0C0B191-51CA-417D-82B5-E82A5FF15BB0}.Debug|Any CPU.ActiveCfg = Debug|x86
		{E0C0B191-51CA-417D-82B5-E82A5FF15BB0}.Debug|Mixed Platforms.ActiveCfg = Debug|x86
		{E0C0B191-51CA-417D-82B5-E82A5FF15BB0}.Debug|Mixed Platforms.Build.0 = Debug|x86
		{E0C0B191-51CA-417D-82B5-E82A5FF15BB0}.Debug|x86.ActiveCfg = Debug|x86
		{E0C0B191-51CA-417D-82B5-E82A5FF15BB0}.Debug|x86.Build.0 = Debug|x86
		{E0C0B191-51CA-417D-82B5-E82A5FF15BB0}.Release|Any CPU.ActiveCfg = Release|x86
		{E0C0B191-51CA-417D-82B5-E82A5FF15BB0}.Release|Mixed Platforms.ActiveCfg = Release|x86
		{E0C0B191-51CA-417D-82B5-E82A5FF15BB0}.Release|Mixed Platforms.Build.0 = Release|x86
		{E0C0B191-51CA-417D-82B5-E82A5FF15BB0}.Release|x86.ActiveCfg = Release|x86
		{E0C0B191-51CA-417D-82B5-E82A5FF15BB0}.Release|x86.Build.0 = Release|x86
		{E62EE638-59F2-4909-9505-0511C7062727}.Debug|Any CPU.ActiveCfg = Debug|x86
		{E62EE638-59F2-4909-9505-0511C7062727}.Debug|Mixed Platforms.ActiveCfg = Debug|x86
		{E62EE638-59F2-4909-9505-0511C7062727}.Debug|Mixed Platforms.Build.0 = Debug|x86
		{E62EE638-59F2-4909-9505-0511C7062727}.Debug|x86.ActiveCfg = Debug|x86
		{E62EE638-59F2-4909-9505-0511C7062727}.Debug|x86.Build.0 = Debug|x86
		{E62EE638-59F2-4909-9505-0511C7062727}.Release|Any CPU.ActiveCfg = Release|x86
		{E62EE638-59F2-4909-9505-0511C7062727}.Release|Mixed Platforms.ActiveCfg = Release|x86
		{E62EE638-59F2-4909-9505-0511C7062727}.Release|Mixed Platforms.Build.0 = Release|x86
		{E62EE638-59F2-4909-9505-0511C7062727}.Release|x86.ActiveCfg = Release|x86
		{E62EE638-59F2-4909-9505-0511C7062727}.Release|x86.Build.0 = Release|x86
		{93341C9C-44C9-47F3-839F-7AE043A5AC99}.Debug|Any CPU.ActiveCfg = Debug|Any CPU
		{93341C9C-44C9-47F3-839F-7AE043A5AC99}.Debug|Any CPU.Build.0 = Debug|Any CPU
		{93341C9C-44C9-47F3-839F-7AE043A5AC99}.Debug|Mixed Platforms.ActiveCfg = Debug|Any CPU
		{93341C9C-44C9-47F3-839F-7AE043A5AC99}.Debug|Mixed Platforms.Build.0 = Debug|Any CPU
		{93341C9C-44C9-47F3-839F-7AE043A5AC99}.Debug|x86.ActiveCfg = Debug|Any CPU
		{93341C9C-44C9-47F3-839F-7AE043A5AC99}.Release|Any CPU.ActiveCfg = Release|Any CPU
		{93341C9C-44C9-47F3-839F-7AE043A5AC99}.Release|Any CPU.Build.0 = Release|Any CPU
		{93341C9C-44C9-47F3-839F-7AE043A5AC99}.Release|Mixed Platforms.ActiveCfg = Release|Any CPU
		{93341C9C-44C9-47F3-839F-7AE043A5AC99}.Release|Mixed Platforms.Build.0 = Release|Any CPU
		{93341C9C-44C9-47F3-839F-7AE043A5AC99}.Release|x86.ActiveCfg = Release|Any CPU
		{94B7D547-92A1-41A7-B90F-D681A0103A36}.Debug|Any CPU.ActiveCfg = Debug|x86
		{94B7D547-92A1-41A7-B90F-D681A0103A36}.Debug|Mixed Platforms.ActiveCfg = Debug|x86
		{94B7D547-92A1-41A7-B90F-D681A0103A36}.Debug|Mixed Platforms.Build.0 = Debug|x86
		{94B7D547-92A1-41A7-B90F-D681A0103A36}.Debug|x86.ActiveCfg = Debug|x86
		{94B7D547-92A1-41A7-B90F-D681A0103A36}.Debug|x86.Build.0 = Debug|x86
		{94B7D547-92A1-41A7-B90F-D681A0103A36}.Release|Any CPU.ActiveCfg = Release|x86
		{94B7D547-92A1-41A7-B90F-D681A0103A36}.Release|Mixed Platforms.ActiveCfg = Release|x86
		{94B7D547-92A1-41A7-B90F-D681A0103A36}.Release|Mixed Platforms.Build.0 = Release|x86
		{94B7D547-92A1-41A7-B90F-D681A0103A36}.Release|x86.ActiveCfg = Release|x86
		{94B7D547-92A1-41A7-B90F-D681A0103A36}.Release|x86.Build.0 = Release|x86
	EndGlobalSection
	GlobalSection(SolutionProperties) = preSolution
		HideSolutionNode = FALSE
	EndGlobalSection
	GlobalSection(NestedProjects) = preSolution
		{E0C0B191-51CA-417D-82B5-E82A5FF15BB0} = {1953EFAE-93C4-4B0D-86FB-A163C203B73E}
		{E62EE638-59F2-4909-9505-0511C7062727} = {78A1B2DD-FD19-4AB9-908E-267D418B6E1F}
		{93341C9C-44C9-47F3-839F-7AE043A5AC99} = {78A1B2DD-FD19-4AB9-908E-267D418B6E1F}
		{94B7D547-92A1-41A7-B90F-D681A0103A36} = {78A1B2DD-FD19-4AB9-908E-267D418B6E1F}
	EndGlobalSection
EndGlobal
